
Microsoft Visual Studio Solution File, Format Version 12.00
Project("{FAE04EC0-301F-11D3-BF4B-00C04F79EFBC}") = "Restaurant_Backend", "Restaurant_Backend\Restaurant_Backend.csproj", "{D6F40E23-2913-4B89-9446-B15E8016133D}"
EndProject
Global
	GlobalSection(SolutionConfigurationPlatforms) = preSolution
		Debug|Any CPU = Debug|Any CPU
		Release|Any CPU = Release|Any CPU
	EndGlobalSection
	GlobalSection(ProjectConfigurationPlatforms) = postSolution
		{D6F40E23-2913-4B89-9446-B15E8016133D}.Debug|Any CPU.ActiveCfg = Debug|Any CPU
		{D6F40E23-2913-4B89-9446-B15E8016133D}.Debug|Any CPU.Build.0 = Debug|Any CPU
		{D6F40E23-2913-4B89-9446-B15E8016133D}.Release|Any CPU.ActiveCfg = Release|Any CPU
		{D6F40E23-2913-4B89-9446-B15E8016133D}.Release|Any CPU.Build.0 = Release|Any CPU
	EndGlobalSection
EndGlobal
